
Microsoft Visual Studio Solution File, Format Version 12.00
# Visual Studio Version 16
VisualStudioVersion = 16.0.29806.167
MinimumVisualStudioVersion = 10.0.40219.1
Project("{FAE04EC0-301F-11D3-BF4B-00C04F79EFBC}") = "arraysOPG2", "arraysOPG2\arraysOPG2.csproj", "{03BB2AFB-49B6-4D3D-BF3D-FE3E89245830}"
EndProject
Global
	GlobalSection(SolutionConfigurationPlatforms) = preSolution
		Debug|Any CPU = Debug|Any CPU
		Release|Any CPU = Release|Any CPU
	EndGlobalSection
	GlobalSection(ProjectConfigurationPlatforms) = postSolution
		{03BB2AFB-49B6-4D3D-BF3D-FE3E89245830}.Debug|Any CPU.ActiveCfg = Debug|Any CPU
		{03BB2AFB-49B6-4D3D-BF3D-FE3E89245830}.Debug|Any CPU.Build.0 = Debug|Any CPU
		{03BB2AFB-49B6-4D3D-BF3D-FE3E89245830}.Release|Any CPU.ActiveCfg = Release|Any CPU
		{03BB2AFB-49B6-4D3D-BF3D-FE3E89245830}.Release|Any CPU.Build.0 = Release|Any CPU
	EndGlobalSection
	GlobalSection(SolutionProperties) = preSolution
		HideSolutionNode = FALSE
	EndGlobalSection
	GlobalSection(ExtensibilityGlobals) = postSolution
		SolutionGuid = {0806AD4E-7987-40BA-BF64-0D645D94B772}
	EndGlobalSection
EndGlobal
